{
  "requires": true,
  "lockfileVersion": 1,
  "dependencies": {
    "@angular/language-service": {
      "version": "8.2.14",
      "resolved": "https://registry.npmjs.org/@angular/language-service/-/language-service-8.2.14.tgz",
      "integrity": "sha512-7EhN9JJbAJcH2xCa+rIOmekjiEuB0qwPdHuD5qn/wwMfRzMZo+Db4hHbR9KHrLH6H82PTwYKye/LLpDaZqoHOA=="
    },
    "g": {
      "version": "2.0.1",
      "resolved": "https://registry.npmjs.org/g/-/g-2.0.1.tgz",
      "integrity": "sha1-C1lj69DKcOO8jGdmk0oCGCHIuFc="
    }
  }
}
